// !$*UTF8*$!
{
	archiveVersion = 1;
	classes = {
	};
	objectVersion = 56;
	objects = {

/* Begin PBXBuildFile section */
		1F08D64E2B284F0700EEE82B /* RPEApp.swift in Sources */ = {isa = PBXBuildFile; fileRef = 1F08D64D2B284F0700EEE82B /* RPEApp.swift */; };
		1F08D6502B284F0700EEE82B /* MainView.swift in Sources */ = {isa = PBXBuildFile; fileRef = 1F08D64F2B284F0700EEE82B /* MainView.swift */; };
		1F08D6522B284F0800EEE82B /* Assets.xcassets in Resources */ = {isa = PBXBuildFile; fileRef = 1F08D6512B284F0800EEE82B /* Assets.xcassets */; };
		1F08D6552B284F0800EEE82B /* Preview Assets.xcassets in Resources */ = {isa = PBXBuildFile; fileRef = 1F08D6542B284F0800EEE82B /* Preview Assets.xcassets */; };
		1F08D65C2B28A8BC00EEE82B /* RpeData.swift in Sources */ = {isa = PBXBuildFile; fileRef = 1F08D65B2B28A8BC00EEE82B /* RpeData.swift */; };
		1F0DF3262CB90F26007996FC /* Font+.swift in Sources */ = {isa = PBXBuildFile; fileRef = 1F0DF3252CB90F26007996FC /* Font+.swift */; };
		1F0DF3392CB910C8007996FC /* Pretendard-SemiBold.otf in Resources */ = {isa = PBXBuildFile; fileRef = 1F0DF3302CB910C7007996FC /* Pretendard-SemiBold.otf */; };
		1F0DF33A2CB910C8007996FC /* Pretendard-Light.otf in Resources */ = {isa = PBXBuildFile; fileRef = 1F0DF3312CB910C7007996FC /* Pretendard-Light.otf */; };
		1F0DF33B2CB910C8007996FC /* Pretendard-Black.otf in Resources */ = {isa = PBXBuildFile; fileRef = 1F0DF3322CB910C7007996FC /* Pretendard-Black.otf */; };
		1F0DF33C2CB910C8007996FC /* Pretendard-ExtraBold.otf in Resources */ = {isa = PBXBuildFile; fileRef = 1F0DF3332CB910C8007996FC /* Pretendard-ExtraBold.otf */; };
		1F0DF33D2CB910C8007996FC /* Pretendard-Thin.otf in Resources */ = {isa = PBXBuildFile; fileRef = 1F0DF3342CB910C8007996FC /* Pretendard-Thin.otf */; };
		1F0DF33E2CB910C8007996FC /* Pretendard-Medium.otf in Resources */ = {isa = PBXBuildFile; fileRef = 1F0DF3352CB910C8007996FC /* Pretendard-Medium.otf */; };
		1F0DF33F2CB910C8007996FC /* Pretendard-ExtraLight.otf in Resources */ = {isa = PBXBuildFile; fileRef = 1F0DF3362CB910C8007996FC /* Pretendard-ExtraLight.otf */; };
		1F0DF3402CB910C8007996FC /* Pretendard-Bold.otf in Resources */ = {isa = PBXBuildFile; fileRef = 1F0DF3372CB910C8007996FC /* Pretendard-Bold.otf */; };
		1F0DF3412CB910C8007996FC /* Pretendard-Regular.otf in Resources */ = {isa = PBXBuildFile; fileRef = 1F0DF3382CB910C8007996FC /* Pretendard-Regular.otf */; };
		1F5AD5602B3D6C3F00D5DE67 /* MySBDViewModel.swift in Sources */ = {isa = PBXBuildFile; fileRef = 1F5AD55F2B3D6C3F00D5DE67 /* MySBDViewModel.swift */; };
		1F9DA1E32C9891D10024BD72 /* TabViewManagement.swift in Sources */ = {isa = PBXBuildFile; fileRef = 1F9DA1E22C9891D10024BD72 /* TabViewManagement.swift */; };
		1F9DA1E62C9892870024BD72 /* SettingView.swift in Sources */ = {isa = PBXBuildFile; fileRef = 1F9DA1E52C9892870024BD72 /* SettingView.swift */; };
		1FD792E32B2EBE7600D1482E /* OnboardingView.swift in Sources */ = {isa = PBXBuildFile; fileRef = 1FD792E22B2EBE7600D1482E /* OnboardingView.swift */; };
		1FE068852C9AB21400896830 /* UpdateRecordView.swift in Sources */ = {isa = PBXBuildFile; fileRef = 1FE068842C9AB21400896830 /* UpdateRecordView.swift */; };
		1FE068882C9B122E00896830 /* Color+.swift in Sources */ = {isa = PBXBuildFile; fileRef = 1FE068872C9B122E00896830 /* Color+.swift */; };
		1FE6E14A2B2AFAA400FC5CB2 /* WeightUnitView.swift in Sources */ = {isa = PBXBuildFile; fileRef = 1FE6E1492B2AFAA400FC5CB2 /* WeightUnitView.swift */; };
		1FFF2F9D2D1BEC7F0062D349 /* UIApplication+.swift in Sources */ = {isa = PBXBuildFile; fileRef = 1FFF2F9C2D1BEC7F0062D349 /* UIApplication+.swift */; };
		1FFF2F9F2D1BF0720062D349 /* ContentView.swift in Sources */ = {isa = PBXBuildFile; fileRef = 1FFF2F9E2D1BF0720062D349 /* ContentView.swift */; };
/* End PBXBuildFile section */

/* Begin PBXFileReference section */
		1F08D64A2B284F0700EEE82B /* RPE.app */ = {isa = PBXFileReference; explicitFileType = wrapper.application; includeInIndex = 0; path = RPE.app; sourceTree = BUILT_PRODUCTS_DIR; };
		1F08D64D2B284F0700EEE82B /* RPEApp.swift */ = {isa = PBXFileReference; lastKnownFileType = sourcecode.swift; path = RPEApp.swift; sourceTree = "<group>"; };
		1F08D64F2B284F0700EEE82B /* MainView.swift */ = {isa = PBXFileReference; lastKnownFileType = sourcecode.swift; path = MainView.swift; sourceTree = "<group>"; };
		1F08D6512B284F0800EEE82B /* Assets.xcassets */ = {isa = PBXFileReference; lastKnownFileType = folder.assetcatalog; path = Assets.xcassets; sourceTree = "<group>"; };
		1F08D6542B284F0800EEE82B /* Preview Assets.xcassets */ = {isa = PBXFileReference; lastKnownFileType = folder.assetcatalog; path = "Preview Assets.xcassets"; sourceTree = "<group>"; };
		1F08D65B2B28A8BC00EEE82B /* RpeData.swift */ = {isa = PBXFileReference; lastKnownFileType = sourcecode.swift; path = RpeData.swift; sourceTree = "<group>"; };
		1F0DF3252CB90F26007996FC /* Font+.swift */ = {isa = PBXFileReference; lastKnownFileType = sourcecode.swift; path = "Font+.swift"; sourceTree = "<group>"; };
		1F0DF3302CB910C7007996FC /* Pretendard-SemiBold.otf */ = {isa = PBXFileReference; lastKnownFileType = file; path = "Pretendard-SemiBold.otf"; sourceTree = "<group>"; };
		1F0DF3312CB910C7007996FC /* Pretendard-Light.otf */ = {isa = PBXFileReference; lastKnownFileType = file; path = "Pretendard-Light.otf"; sourceTree = "<group>"; };
		1F0DF3322CB910C7007996FC /* Pretendard-Black.otf */ = {isa = PBXFileReference; lastKnownFileType = file; path = "Pretendard-Black.otf"; sourceTree = "<group>"; };
		1F0DF3332CB910C8007996FC /* Pretendard-ExtraBold.otf */ = {isa = PBXFileReference; lastKnownFileType = file; path = "Pretendard-ExtraBold.otf"; sourceTree = "<group>"; };
		1F0DF3342CB910C8007996FC /* Pretendard-Thin.otf */ = {isa = PBXFileReference; lastKnownFileType = file; path = "Pretendard-Thin.otf"; sourceTree = "<group>"; };
		1F0DF3352CB910C8007996FC /* Pretendard-Medium.otf */ = {isa = PBXFileReference; lastKnownFileType = file; path = "Pretendard-Medium.otf"; sourceTree = "<group>"; };
		1F0DF3362CB910C8007996FC /* Pretendard-ExtraLight.otf */ = {isa = PBXFileReference; lastKnownFileType = file; path = "Pretendard-ExtraLight.otf"; sourceTree = "<group>"; };
		1F0DF3372CB910C8007996FC /* Pretendard-Bold.otf */ = {isa = PBXFileReference; lastKnownFileType = file; path = "Pretendard-Bold.otf"; sourceTree = "<group>"; };
		1F0DF3382CB910C8007996FC /* Pretendard-Regular.otf */ = {isa = PBXFileReference; lastKnownFileType = file; path = "Pretendard-Regular.otf"; sourceTree = "<group>"; };
		1F5AD55F2B3D6C3F00D5DE67 /* MySBDViewModel.swift */ = {isa = PBXFileReference; lastKnownFileType = sourcecode.swift; path = MySBDViewModel.swift; sourceTree = "<group>"; };
		1F9DA1E22C9891D10024BD72 /* TabViewManagement.swift */ = {isa = PBXFileReference; lastKnownFileType = sourcecode.swift; path = TabViewManagement.swift; sourceTree = "<group>"; };
		1F9DA1E52C9892870024BD72 /* SettingView.swift */ = {isa = PBXFileReference; lastKnownFileType = sourcecode.swift; path = SettingView.swift; sourceTree = "<group>"; };
		1FD792E22B2EBE7600D1482E /* OnboardingView.swift */ = {isa = PBXFileReference; lastKnownFileType = sourcecode.swift; path = OnboardingView.swift; sourceTree = "<group>"; };
		1FE068842C9AB21400896830 /* UpdateRecordView.swift */ = {isa = PBXFileReference; lastKnownFileType = sourcecode.swift; path = UpdateRecordView.swift; sourceTree = "<group>"; };
		1FE068872C9B122E00896830 /* Color+.swift */ = {isa = PBXFileReference; lastKnownFileType = sourcecode.swift; path = "Color+.swift"; sourceTree = "<group>"; };
		1FE6E1492B2AFAA400FC5CB2 /* WeightUnitView.swift */ = {isa = PBXFileReference; lastKnownFileType = sourcecode.swift; path = WeightUnitView.swift; sourceTree = "<group>"; };
		1FE9F63F2B4A7A1600BB46E2 /* Info.plist */ = {isa = PBXFileReference; lastKnownFileType = text.plist.xml; path = Info.plist; sourceTree = "<group>"; };
		1FFF2F9C2D1BEC7F0062D349 /* UIApplication+.swift */ = {isa = PBXFileReference; lastKnownFileType = sourcecode.swift; path = "UIApplication+.swift"; sourceTree = "<group>"; };
		1FFF2F9E2D1BF0720062D349 /* ContentView.swift */ = {isa = PBXFileReference; lastKnownFileType = sourcecode.swift; path = ContentView.swift; sourceTree = "<group>"; };
/* End PBXFileReference section */

/* Begin PBXFrameworksBuildPhase section */
		1F08D6472B284F0700EEE82B /* Frameworks */ = {
			isa = PBXFrameworksBuildPhase;
			buildActionMask = 2147483647;
			files = (
			);
			runOnlyForDeploymentPostprocessing = 0;
		};
/* End PBXFrameworksBuildPhase section */

/* Begin PBXGroup section */
		1F08D6412B284F0700EEE82B = {
			isa = PBXGroup;
			children = (
				1F08D64C2B284F0700EEE82B /* RPE */,
				1F08D64B2B284F0700EEE82B /* Products */,
			);
			sourceTree = "<group>";
		};
		1F08D64B2B284F0700EEE82B /* Products */ = {
			isa = PBXGroup;
			children = (
				1F08D64A2B284F0700EEE82B /* RPE.app */,
			);
			name = Products;
			sourceTree = "<group>";
		};
		1F08D64C2B284F0700EEE82B /* RPE */ = {
			isa = PBXGroup;
			children = (
				1F9DA1DB2C9889DE0024BD72 /* Source */,
				1F9DA1DA2C9889A30024BD72 /* Resource */,
				1FE9F63F2B4A7A1600BB46E2 /* Info.plist */,
				1F08D6532B284F0800EEE82B /* Preview Content */,
			);
			path = RPE;
			sourceTree = "<group>";
		};
		1F08D6532B284F0800EEE82B /* Preview Content */ = {
			isa = PBXGroup;
			children = (
				1F08D6542B284F0800EEE82B /* Preview Assets.xcassets */,
			);
			path = "Preview Content";
			sourceTree = "<group>";
		};
		1F0DF31B2CB90ECC007996FC /* Font */ = {
			isa = PBXGroup;
			children = (
				1F0DF3322CB910C7007996FC /* Pretendard-Black.otf */,
				1F0DF3372CB910C8007996FC /* Pretendard-Bold.otf */,
				1F0DF3332CB910C8007996FC /* Pretendard-ExtraBold.otf */,
				1F0DF3362CB910C8007996FC /* Pretendard-ExtraLight.otf */,
				1F0DF3312CB910C7007996FC /* Pretendard-Light.otf */,
				1F0DF3352CB910C8007996FC /* Pretendard-Medium.otf */,
				1F0DF3382CB910C8007996FC /* Pretendard-Regular.otf */,
				1F0DF3302CB910C7007996FC /* Pretendard-SemiBold.otf */,
				1F0DF3342CB910C8007996FC /* Pretendard-Thin.otf */,
			);
			path = Font;
			sourceTree = "<group>";
		};
		1F5AD55B2B3D60A200D5DE67 /* Model */ = {
			isa = PBXGroup;
			children = (
				1F08D65B2B28A8BC00EEE82B /* RpeData.swift */,
			);
			path = Model;
			sourceTree = "<group>";
		};
		1F5AD55D2B3D60C500D5DE67 /* View */ = {
			isa = PBXGroup;
			children = (
				1F9DA1DD2C988BA20024BD72 /* Onboarding */,
				1F9DA1DF2C988C620024BD72 /* Main */,
				1F9DA1E42C9892600024BD72 /* Setting */,
			);
			path = View;
			sourceTree = "<group>";
		};
		1F5AD55E2B3D6C0300D5DE67 /* ViewModel */ = {
			isa = PBXGroup;
			children = (
				1F5AD55F2B3D6C3F00D5DE67 /* MySBDViewModel.swift */,
			);
			path = ViewModel;
			sourceTree = "<group>";
		};
		1F9DA1D92C9889850024BD72 /* Application */ = {
			isa = PBXGroup;
			children = (
				1F08D64D2B284F0700EEE82B /* RPEApp.swift */,
				1F9DA1E22C9891D10024BD72 /* TabViewManagement.swift */,
				1FFF2F9E2D1BF0720062D349 /* ContentView.swift */,
			);
			name = Application;
			path = ../Application;
			sourceTree = "<group>";
		};
		1F9DA1DA2C9889A30024BD72 /* Resource */ = {
			isa = PBXGroup;
			children = (
				1F0DF31B2CB90ECC007996FC /* Font */,
				1F08D6512B284F0800EEE82B /* Assets.xcassets */,
			);
			path = Resource;
			sourceTree = "<group>";
		};
		1F9DA1DB2C9889DE0024BD72 /* Source */ = {
			isa = PBXGroup;
			children = (
				1F9DA1D92C9889850024BD72 /* Application */,
				1FE068862C9B121900896830 /* Extension */,
				1F5AD55B2B3D60A200D5DE67 /* Model */,
				1F5AD55E2B3D6C0300D5DE67 /* ViewModel */,
				1F5AD55D2B3D60C500D5DE67 /* View */,
			);
			path = Source;
			sourceTree = "<group>";
		};
		1F9DA1DD2C988BA20024BD72 /* Onboarding */ = {
			isa = PBXGroup;
			children = (
				1FD792E22B2EBE7600D1482E /* OnboardingView.swift */,
			);
			path = Onboarding;
			sourceTree = "<group>";
		};
		1F9DA1DF2C988C620024BD72 /* Main */ = {
			isa = PBXGroup;
			children = (
				1F08D64F2B284F0700EEE82B /* MainView.swift */,
			);
			path = Main;
			sourceTree = "<group>";
		};
		1F9DA1E42C9892600024BD72 /* Setting */ = {
			isa = PBXGroup;
			children = (
				1F9DA1E52C9892870024BD72 /* SettingView.swift */,
				1FE068842C9AB21400896830 /* UpdateRecordView.swift */,
				1FE6E1492B2AFAA400FC5CB2 /* WeightUnitView.swift */,
			);
			path = Setting;
			sourceTree = "<group>";
		};
		1FE068862C9B121900896830 /* Extension */ = {
			isa = PBXGroup;
			children = (
				1FE068872C9B122E00896830 /* Color+.swift */,
				1F0DF3252CB90F26007996FC /* Font+.swift */,
				1FFF2F9C2D1BEC7F0062D349 /* UIApplication+.swift */,
			);
			path = Extension;
			sourceTree = "<group>";
		};
/* End PBXGroup section */

/* Begin PBXNativeTarget section */
		1F08D6492B284F0700EEE82B /* RPE */ = {
			isa = PBXNativeTarget;
			buildConfigurationList = 1F08D6582B284F0800EEE82B /* Build configuration list for PBXNativeTarget "RPE" */;
			buildPhases = (
				1F08D6462B284F0700EEE82B /* Sources */,
				1F08D6472B284F0700EEE82B /* Frameworks */,
				1F08D6482B284F0700EEE82B /* Resources */,
			);
			buildRules = (
			);
			dependencies = (
			);
			name = RPE;
			productName = RPE;
			productReference = 1F08D64A2B284F0700EEE82B /* RPE.app */;
			productType = "com.apple.product-type.application";
		};
/* End PBXNativeTarget section */

/* Begin PBXProject section */
		1F08D6422B284F0700EEE82B /* Project object */ = {
			isa = PBXProject;
			attributes = {
				BuildIndependentTargetsInParallel = 1;
				LastSwiftUpdateCheck = 1500;
				LastUpgradeCheck = 1500;
				TargetAttributes = {
					1F08D6492B284F0700EEE82B = {
						CreatedOnToolsVersion = 15.0.1;
					};
				};
			};
			buildConfigurationList = 1F08D6452B284F0700EEE82B /* Build configuration list for PBXProject "RPE" */;
			compatibilityVersion = "Xcode 14.0";
			developmentRegion = en;
			hasScannedForEncodings = 0;
			knownRegions = (
				en,
				Base,
			);
			mainGroup = 1F08D6412B284F0700EEE82B;
			productRefGroup = 1F08D64B2B284F0700EEE82B /* Products */;
			projectDirPath = "";
			projectRoot = "";
			targets = (
				1F08D6492B284F0700EEE82B /* RPE */,
			);
		};
/* End PBXProject section */

/* Begin PBXResourcesBuildPhase section */
		1F08D6482B284F0700EEE82B /* Resources */ = {
			isa = PBXResourcesBuildPhase;
			buildActionMask = 2147483647;
			files = (
				1F0DF33F2CB910C8007996FC /* Pretendard-ExtraLight.otf in Resources */,
				1F0DF3402CB910C8007996FC /* Pretendard-Bold.otf in Resources */,
				1F0DF3392CB910C8007996FC /* Pretendard-SemiBold.otf in Resources */,
				1F0DF33A2CB910C8007996FC /* Pretendard-Light.otf in Resources */,
				1F0DF33D2CB910C8007996FC /* Pretendard-Thin.otf in Resources */,
				1F0DF33E2CB910C8007996FC /* Pretendard-Medium.otf in Resources */,
				1F0DF33C2CB910C8007996FC /* Pretendard-ExtraBold.otf in Resources */,
				1F08D6552B284F0800EEE82B /* Preview Assets.xcassets in Resources */,
				1F0DF3412CB910C8007996FC /* Pretendard-Regular.otf in Resources */,
				1F08D6522B284F0800EEE82B /* Assets.xcassets in Resources */,
				1F0DF33B2CB910C8007996FC /* Pretendard-Black.otf in Resources */,
			);
			runOnlyForDeploymentPostprocessing = 0;
		};
/* End PBXResourcesBuildPhase section */

/* Begin PBXSourcesBuildPhase section */
		1F08D6462B284F0700EEE82B /* Sources */ = {
			isa = PBXSourcesBuildPhase;
			buildActionMask = 2147483647;
			files = (
				1F0DF3262CB90F26007996FC /* Font+.swift in Sources */,
				1FE068852C9AB21400896830 /* UpdateRecordView.swift in Sources */,
				1FFF2F9D2D1BEC7F0062D349 /* UIApplication+.swift in Sources */,
				1F08D6502B284F0700EEE82B /* MainView.swift in Sources */,
				1FE068882C9B122E00896830 /* Color+.swift in Sources */,
				1FE6E14A2B2AFAA400FC5CB2 /* WeightUnitView.swift in Sources */,
				1FD792E32B2EBE7600D1482E /* OnboardingView.swift in Sources */,
				1F08D65C2B28A8BC00EEE82B /* RpeData.swift in Sources */,
				1F5AD5602B3D6C3F00D5DE67 /* MySBDViewModel.swift in Sources */,
				1F08D64E2B284F0700EEE82B /* RPEApp.swift in Sources */,
				1FFF2F9F2D1BF0720062D349 /* ContentView.swift in Sources */,
				1F9DA1E62C9892870024BD72 /* SettingView.swift in Sources */,
				1F9DA1E32C9891D10024BD72 /* TabViewManagement.swift in Sources */,
			);
			runOnlyForDeploymentPostprocessing = 0;
		};
/* End PBXSourcesBuildPhase section */

/* Begin XCBuildConfiguration section */
		1F08D6562B284F0800EEE82B /* Debug */ = {
			isa = XCBuildConfiguration;
			buildSettings = {
				ALWAYS_SEARCH_USER_PATHS = NO;
				ASSETCATALOG_COMPILER_GENERATE_SWIFT_ASSET_SYMBOL_EXTENSIONS = YES;
				CLANG_ANALYZER_NONNULL = YES;
				CLANG_ANALYZER_NUMBER_OBJECT_CONVERSION = YES_AGGRESSIVE;
				CLANG_CXX_LANGUAGE_STANDARD = "gnu++20";
				CLANG_ENABLE_MODULES = YES;
				CLANG_ENABLE_OBJC_ARC = YES;
				CLANG_ENABLE_OBJC_WEAK = YES;
				CLANG_WARN_BLOCK_CAPTURE_AUTORELEASING = YES;
				CLANG_WARN_BOOL_CONVERSION = YES;
				CLANG_WARN_COMMA = YES;
				CLANG_WARN_CONSTANT_CONVERSION = YES;
				CLANG_WARN_DEPRECATED_OBJC_IMPLEMENTATIONS = YES;
				CLANG_WARN_DIRECT_OBJC_ISA_USAGE = YES_ERROR;
				CLANG_WARN_DOCUMENTATION_COMMENTS = YES;
				CLANG_WARN_EMPTY_BODY = YES;
				CLANG_WARN_ENUM_CONVERSION = YES;
				CLANG_WARN_INFINITE_RECURSION = YES;
				CLANG_WARN_INT_CONVERSION = YES;
				CLANG_WARN_NON_LITERAL_NULL_CONVERSION = YES;
				CLANG_WARN_OBJC_IMPLICIT_RETAIN_SELF = YES;
				CLANG_WARN_OBJC_LITERAL_CONVERSION = YES;
				CLANG_WARN_OBJC_ROOT_CLASS = YES_ERROR;
				CLANG_WARN_QUOTED_INCLUDE_IN_FRAMEWORK_HEADER = YES;
				CLANG_WARN_RANGE_LOOP_ANALYSIS = YES;
				CLANG_WARN_STRICT_PROTOTYPES = YES;
				CLANG_WARN_SUSPICIOUS_MOVE = YES;
				CLANG_WARN_UNGUARDED_AVAILABILITY = YES_AGGRESSIVE;
				CLANG_WARN_UNREACHABLE_CODE = YES;
				CLANG_WARN__DUPLICATE_METHOD_MATCH = YES;
				COPY_PHASE_STRIP = NO;
				DEBUG_INFORMATION_FORMAT = dwarf;
				ENABLE_STRICT_OBJC_MSGSEND = YES;
				ENABLE_TESTABILITY = YES;
				ENABLE_USER_SCRIPT_SANDBOXING = YES;
				GCC_C_LANGUAGE_STANDARD = gnu17;
				GCC_DYNAMIC_NO_PIC = NO;
				GCC_NO_COMMON_BLOCKS = YES;
				GCC_OPTIMIZATION_LEVEL = 0;
				GCC_PREPROCESSOR_DEFINITIONS = (
					"DEBUG=1",
					"$(inherited)",
				);
				GCC_WARN_64_TO_32_BIT_CONVERSION = YES;
				GCC_WARN_ABOUT_RETURN_TYPE = YES_ERROR;
				GCC_WARN_UNDECLARED_SELECTOR = YES;
				GCC_WARN_UNINITIALIZED_AUTOS = YES_AGGRESSIVE;
				GCC_WARN_UNUSED_FUNCTION = YES;
				GCC_WARN_UNUSED_VARIABLE = YES;
				IPHONEOS_DEPLOYMENT_TARGET = 17.0;
				LOCALIZATION_PREFERS_STRING_CATALOGS = YES;
				MTL_ENABLE_DEBUG_INFO = INCLUDE_SOURCE;
				MTL_FAST_MATH = YES;
				ONLY_ACTIVE_ARCH = YES;
				SDKROOT = iphoneos;
				SWIFT_ACTIVE_COMPILATION_CONDITIONS = "DEBUG $(inherited)";
				SWIFT_OPTIMIZATION_LEVEL = "-Onone";
			};
			name = Debug;
		};
		1F08D6572B284F0800EEE82B /* Release */ = {
			isa = XCBuildConfiguration;
			buildSettings = {
				ALWAYS_SEARCH_USER_PATHS = NO;
				ASSETCATALOG_COMPILER_GENERATE_SWIFT_ASSET_SYMBOL_EXTENSIONS = YES;
				CLANG_ANALYZER_NONNULL = YES;
				CLANG_ANALYZER_NUMBER_OBJECT_CONVERSION = YES_AGGRESSIVE;
				CLANG_CXX_LANGUAGE_STANDARD = "gnu++20";
				CLANG_ENABLE_MODULES = YES;
				CLANG_ENABLE_OBJC_ARC = YES;
				CLANG_ENABLE_OBJC_WEAK = YES;
				CLANG_WARN_BLOCK_CAPTURE_AUTORELEASING = YES;
				CLANG_WARN_BOOL_CONVERSION = YES;
				CLANG_WARN_COMMA = YES;
				CLANG_WARN_CONSTANT_CONVERSION = YES;
				CLANG_WARN_DEPRECATED_OBJC_IMPLEMENTATIONS = YES;
				CLANG_WARN_DIRECT_OBJC_ISA_USAGE = YES_ERROR;
				CLANG_WARN_DOCUMENTATION_COMMENTS = YES;
				CLANG_WARN_EMPTY_BODY = YES;
				CLANG_WARN_ENUM_CONVERSION = YES;
				CLANG_WARN_INFINITE_RECURSION = YES;
				CLANG_WARN_INT_CONVERSION = YES;
				CLANG_WARN_NON_LITERAL_NULL_CONVERSION = YES;
				CLANG_WARN_OBJC_IMPLICIT_RETAIN_SELF = YES;
				CLANG_WARN_OBJC_LITERAL_CONVERSION = YES;
				CLANG_WARN_OBJC_ROOT_CLASS = YES_ERROR;
				CLANG_WARN_QUOTED_INCLUDE_IN_FRAMEWORK_HEADER = YES;
				CLANG_WARN_RANGE_LOOP_ANALYSIS = YES;
				CLANG_WARN_STRICT_PROTOTYPES = YES;
				CLANG_WARN_SUSPICIOUS_MOVE = YES;
				CLANG_WARN_UNGUARDED_AVAILABILITY = YES_AGGRESSIVE;
				CLANG_WARN_UNREACHABLE_CODE = YES;
				CLANG_WARN__DUPLICATE_METHOD_MATCH = YES;
				COPY_PHASE_STRIP = NO;
				DEBUG_INFORMATION_FORMAT = "dwarf-with-dsym";
				ENABLE_NS_ASSERTIONS = NO;
				ENABLE_STRICT_OBJC_MSGSEND = YES;
				ENABLE_USER_SCRIPT_SANDBOXING = YES;
				GCC_C_LANGUAGE_STANDARD = gnu17;
				GCC_NO_COMMON_BLOCKS = YES;
				GCC_WARN_64_TO_32_BIT_CONVERSION = YES;
				GCC_WARN_ABOUT_RETURN_TYPE = YES_ERROR;
				GCC_WARN_UNDECLARED_SELECTOR = YES;
				GCC_WARN_UNINITIALIZED_AUTOS = YES_AGGRESSIVE;
				GCC_WARN_UNUSED_FUNCTION = YES;
				GCC_WARN_UNUSED_VARIABLE = YES;
				IPHONEOS_DEPLOYMENT_TARGET = 17.0;
				LOCALIZATION_PREFERS_STRING_CATALOGS = YES;
				MTL_ENABLE_DEBUG_INFO = NO;
				MTL_FAST_MATH = YES;
				SDKROOT = iphoneos;
				SWIFT_COMPILATION_MODE = wholemodule;
				VALIDATE_PRODUCT = YES;
			};
			name = Release;
		};
		1F08D6592B284F0800EEE82B /* Debug */ = {
			isa = XCBuildConfiguration;
			buildSettings = {
				ASSETCATALOG_COMPILER_APPICON_NAME = AppIcon;
				ASSETCATALOG_COMPILER_GLOBAL_ACCENT_COLOR_NAME = AccentColor;
				CODE_SIGN_STYLE = Automatic;
				CURRENT_PROJECT_VERSION = 1;
				DEVELOPMENT_ASSET_PATHS = "\"RPE/Preview Content\"";
				DEVELOPMENT_TEAM = WTK65UP9RZ;
				ENABLE_PREVIEWS = YES;
				GENERATE_INFOPLIST_FILE = YES;
				INFOPLIST_FILE = RPE/Info.plist;
				INFOPLIST_KEY_UIApplicationSceneManifest_Generation = YES;
				INFOPLIST_KEY_UIApplicationSupportsIndirectInputEvents = YES;
				INFOPLIST_KEY_UILaunchStoryboardName = "Launch Screen.storyboard";
				INFOPLIST_KEY_UISupportedInterfaceOrientations_iPad = "UIInterfaceOrientationPortrait UIInterfaceOrientationPortraitUpsideDown";
				INFOPLIST_KEY_UIUserInterfaceStyle = Light;
				IPHONEOS_DEPLOYMENT_TARGET = 17.0;
				LD_RUNPATH_SEARCH_PATHS = (
					"$(inherited)",
					"@executable_path/Frameworks",
				);
				MARKETING_VERSION = 1.2.1;
				PRODUCT_BUNDLE_IDENTIFIER = com.sangdolee.RPE;
				PRODUCT_NAME = "$(TARGET_NAME)";
				SUPPORTED_PLATFORMS = "iphoneos iphonesimulator";
				SUPPORTS_MACCATALYST = NO;
				SUPPORTS_MAC_DESIGNED_FOR_IPHONE_IPAD = NO;
				SUPPORTS_XR_DESIGNED_FOR_IPHONE_IPAD = NO;
				SWIFT_EMIT_LOC_STRINGS = YES;
				SWIFT_VERSION = 5.0;
				TARGETED_DEVICE_FAMILY = 1;
			};
			name = Debug;
		};
		1F08D65A2B284F0800EEE82B /* Release */ = {
			isa = XCBuildConfiguration;
			buildSettings = {
				ASSETCATALOG_COMPILER_APPICON_NAME = AppIcon;
				ASSETCATALOG_COMPILER_GLOBAL_ACCENT_COLOR_NAME = AccentColor;
				CODE_SIGN_STYLE = Automatic;
				CURRENT_PROJECT_VERSION = 1;
				DEVELOPMENT_ASSET_PATHS = "\"RPE/Preview Content\"";
				DEVELOPMENT_TEAM = WTK65UP9RZ;
				ENABLE_PREVIEWS = YES;
				GENERATE_INFOPLIST_FILE = YES;
				INFOPLIST_FILE = RPE/Info.plist;
				INFOPLIST_KEY_UIApplicationSceneManifest_Generation = YES;
				INFOPLIST_KEY_UIApplicationSupportsIndirectInputEvents = YES;
				INFOPLIST_KEY_UILaunchStoryboardName = "Launch Screen.storyboard";
				INFOPLIST_KEY_UISupportedInterfaceOrientations_iPad = "UIInterfaceOrientationPortrait UIInterfaceOrientationPortraitUpsideDown";
				INFOPLIST_KEY_UIUserInterfaceStyle = Light;
				IPHONEOS_DEPLOYMENT_TARGET = 17.0;
				LD_RUNPATH_SEARCH_PATHS = (
					"$(inherited)",
					"@executable_path/Frameworks",
				);
				MARKETING_VERSION = 1.2.1;
				PRODUCT_BUNDLE_IDENTIFIER = com.sangdolee.RPE;
				PRODUCT_NAME = "$(TARGET_NAME)";
				SUPPORTED_PLATFORMS = "iphoneos iphonesimulator";
				SUPPORTS_MACCATALYST = NO;
				SUPPORTS_MAC_DESIGNED_FOR_IPHONE_IPAD = NO;
				SUPPORTS_XR_DESIGNED_FOR_IPHONE_IPAD = NO;
				SWIFT_EMIT_LOC_STRINGS = YES;
				SWIFT_VERSION = 5.0;
				TARGETED_DEVICE_FAMILY = 1;
			};
			name = Release;
		};
/* End XCBuildConfiguration section */

/* Begin XCConfigurationList section */
		1F08D6452B284F0700EEE82B /* Build configuration list for PBXProject "RPE" */ = {
			isa = XCConfigurationList;
			buildConfigurations = (
				1F08D6562B284F0800EEE82B /* Debug */,
				1F08D6572B284F0800EEE82B /* Release */,
			);
			defaultConfigurationIsVisible = 0;
			defaultConfigurationName = Release;
		};
		1F08D6582B284F0800EEE82B /* Build configuration list for PBXNativeTarget "RPE" */ = {
			isa = XCConfigurationList;
			buildConfigurations = (
				1F08D6592B284F0800EEE82B /* Debug */,
				1F08D65A2B284F0800EEE82B /* Release */,
			);
			defaultConfigurationIsVisible = 0;
			defaultConfigurationName = Release;
		};
/* End XCConfigurationList section */
	};
	rootObject = 1F08D6422B284F0700EEE82B /* Project object */;
}
